
Microsoft Visual Studio Solution File, Format Version 12.00
# Visual Studio Version 17
VisualStudioVersion = 17.13.35913.81
MinimumVisualStudioVersion = 10.0.40219.1
Project("{FAE04EC0-301F-11D3-BF4B-00C04F79EFBC}") = "WpfDevKit.NET", "WpfDevKit\WpfDevKit.NET.csproj", "{816A63DB-D784-4B20-8779-C360B287C979}"
EndProject
Project("{FAE04EC0-301F-11D3-BF4B-00C04F79EFBC}") = "WpfDevKit.UI", "WpfDevKit.Controls\WpfDevKit.UI.csproj", "{573A978C-3447-48CF-BD02-A83A606EA1E1}"
EndProject
Project("{FAE04EC0-301F-11D3-BF4B-00C04F79EFBC}") = "WpfDevKit.App", "WpfDevKit.App\WpfDevKit.App.csproj", "{2A3B557B-0746-496B-AB2E-BC91F2D05191}"
EndProject
Global
	GlobalSection(SolutionConfigurationPlatforms) = preSolution
		Debug|Any CPU = Debug|Any CPU
		Release|Any CPU = Release|Any CPU
	EndGlobalSection
	GlobalSection(ProjectConfigurationPlatforms) = postSolution
		{816A63DB-D784-4B20-8779-C360B287C979}.Debug|Any CPU.ActiveCfg = Debug|Any CPU
		{816A63DB-D784-4B20-8779-C360B287C979}.Debug|Any CPU.Build.0 = Debug|Any CPU
		{816A63DB-D784-4B20-8779-C360B287C979}.Release|Any CPU.ActiveCfg = Release|Any CPU
		{816A63DB-D784-4B20-8779-C360B287C979}.Release|Any CPU.Build.0 = Release|Any CPU
		{573A978C-3447-48CF-BD02-A83A606EA1E1}.Debug|Any CPU.ActiveCfg = Debug|Any CPU
		{573A978C-3447-48CF-BD02-A83A606EA1E1}.Debug|Any CPU.Build.0 = Debug|Any CPU
		{573A978C-3447-48CF-BD02-A83A606EA1E1}.Release|Any CPU.ActiveCfg = Release|Any CPU
		{573A978C-3447-48CF-BD02-A83A606EA1E1}.Release|Any CPU.Build.0 = Release|Any CPU
		{2A3B557B-0746-496B-AB2E-BC91F2D05191}.Debug|Any CPU.ActiveCfg = Debug|Any CPU
		{2A3B557B-0746-496B-AB2E-BC91F2D05191}.Debug|Any CPU.Build.0 = Debug|Any CPU
		{2A3B557B-0746-496B-AB2E-BC91F2D05191}.Release|Any CPU.ActiveCfg = Release|Any CPU
		{2A3B557B-0746-496B-AB2E-BC91F2D05191}.Release|Any CPU.Build.0 = Release|Any CPU
	EndGlobalSection
	GlobalSection(SolutionProperties) = preSolution
		HideSolutionNode = FALSE
	EndGlobalSection
	GlobalSection(ExtensibilityGlobals) = postSolution
		SolutionGuid = {BDC9158C-1DE1-4AC0-B50F-DE87101422E4}
	EndGlobalSection
EndGlobal
